// !$*UTF8*$!
{
	archiveVersion = 1;
	classes = {
	};
	objectVersion = 77;
	objects = {

/* Begin PBXBuildFile section */
		06CDFF04BE3EC9527E2ED890 /* ClozeTests.swift in Sources */ = {isa = PBXBuildFile; fileRef = BA967F1A12915216E9A8F350 /* ClozeTests.swift */; };
		070A26CD92F6EB70A7E84897 /* Queue.swift in Sources */ = {isa = PBXBuildFile; fileRef = B40C8997BAA43C91B6540469 /* Queue.swift */; };
		07DD483AA93C7D048E649732 /* ElbertUITests.swift in Sources */ = {isa = PBXBuildFile; fileRef = D52B715D527791D66B8B78C6 /* ElbertUITests.swift */; };
		0F368ED4194D9D3F395012BA /* StudySessionTests.swift in Sources */ = {isa = PBXBuildFile; fileRef = 0A6EE6DD8B368CACDA3D39EE /* StudySessionTests.swift */; };
		1214A497C7D1842FC7215061 /* AppTab.swift in Sources */ = {isa = PBXBuildFile; fileRef = 38BA9DC845FD3DAF66AF7EFB /* AppTab.swift */; };
		1400FBC825F50AE163F03BF1 /* ModelsTests.swift in Sources */ = {isa = PBXBuildFile; fileRef = 25BF213188459A5C1BBB44AA /* ModelsTests.swift */; };
		1D9A490A881552337C9F124A /* Buttons.swift in Sources */ = {isa = PBXBuildFile; fileRef = A332AEF634FF9758F7A5DF20 /* Buttons.swift */; };
		1E17230648BEBB6015A4D177 /* UITestSupport.swift in Sources */ = {isa = PBXBuildFile; fileRef = AEE9B4E0D4700D75DA22AF35 /* UITestSupport.swift */; };
		27277E369170503A8FA823BA /* SchedulerTests.swift in Sources */ = {isa = PBXBuildFile; fileRef = C7E93B21999F54CBF01FCA7D /* SchedulerTests.swift */; };
		2D6E1354534B004848692BA1 /* StudyScreen.swift in Sources */ = {isa = PBXBuildFile; fileRef = 8075B1F1A7C3D3A67312187D /* StudyScreen.swift */; };
		2DCEE9BB512778B4CF30AE11 /* HouseScreen.swift in Sources */ = {isa = PBXBuildFile; fileRef = 0C098ED950F5833D92667649 /* HouseScreen.swift */; };
		32E95D98B3C3A7AE5F93091E /* NoteDraftTests.swift in Sources */ = {isa = PBXBuildFile; fileRef = 9CB426315837D6D00765AE84 /* NoteDraftTests.swift */; };
		3BB50B1455929D5ADB5DDAF9 /* Feedback.swift in Sources */ = {isa = PBXBuildFile; fileRef = 1BA04ED33542FCF20E3D5343 /* Feedback.swift */; };
		4175C333970EA3210273F9BC /* Deck.swift in Sources */ = {isa = PBXBuildFile; fileRef = 7F363816233BAFC1E3359D50 /* Deck.swift */; };
		450D9B55EB6BFA79886AF996 /* Assets.xcassets in Resources */ = {isa = PBXBuildFile; fileRef = 50A3DF54D54AB16756504518 /* Assets.xcassets */; };
		504F941EAD5A4C9A9A0E6145 /* SampleData.swift in Sources */ = {isa = PBXBuildFile; fileRef = A2FCB1FE0F5FCA780B8C577D /* SampleData.swift */; };
		524720213C21B6663CDBE157 /* AppearanceMode.swift in Sources */ = {isa = PBXBuildFile; fileRef = EA9A040E80FB42FCABCF1CF7 /* AppearanceMode.swift */; };
		52C6A768F5F82AB1A1C54F90 /* DesignSystemTests.swift in Sources */ = {isa = PBXBuildFile; fileRef = 01D3BA4B2279B83860F1EB29 /* DesignSystemTests.swift */; };
		567703E5CF0B7C1371CB2E9C /* Icons.swift in Sources */ = {isa = PBXBuildFile; fileRef = 8D2E2E2EF0E6E14538CA5D10 /* Icons.swift */; };
		58CA3ADFDB39CEF1C72932DD /* QueueTests.swift in Sources */ = {isa = PBXBuildFile; fileRef = 061CAD07B43B53B76A33751A /* QueueTests.swift */; };
		59B025771C896AE2E16084E6 /* DeckListScreen.swift in Sources */ = {isa = PBXBuildFile; fileRef = 35EB6287CAD0D74B044F387B /* DeckListScreen.swift */; };
		5E086AFD438D3A93E385A912 /* DesignGallery.swift in Sources */ = {isa = PBXBuildFile; fileRef = 7F0C274950BE16D9C5FD03C5 /* DesignGallery.swift */; };
		625C4F2D7956947EC42FD657 /* Persistence.swift in Sources */ = {isa = PBXBuildFile; fileRef = D574077B80F4101BBADF7F4A /* Persistence.swift */; };
		632AC260A9547C8140C413BE /* DeckFlowUITests.swift in Sources */ = {isa = PBXBuildFile; fileRef = 08546F5849952E1360AFEA37 /* DeckFlowUITests.swift */; };
		65873447D57F7B97602F77B5 /* ElbertApp.swift in Sources */ = {isa = PBXBuildFile; fileRef = 52E7A2E10B27330E83314BDB /* ElbertApp.swift */; };
		6646697E4DA338A10F26B7F9 /* Scheduler.swift in Sources */ = {isa = PBXBuildFile; fileRef = 07B5DCF5F283A122D61DEF3B /* Scheduler.swift */; };
		69273F6B1952F89C0E6059D8 /* SyncStatusDisplay.swift in Sources */ = {isa = PBXBuildFile; fileRef = 29C353264175FB2BEECE4741 /* SyncStatusDisplay.swift */; };
		69C20D6616E2BE848262F730 /* MediaAsset.swift in Sources */ = {isa = PBXBuildFile; fileRef = 7820516C33491D483706A7AC /* MediaAsset.swift */; };
		710D31C839611FEC5ED15D31 /* DeckSettingsScreen.swift in Sources */ = {isa = PBXBuildFile; fileRef = 74AEBC7E6222AFF06E49666B /* DeckSettingsScreen.swift */; };
		71C10A1B970BFD08DCAFC63A /* NewCardCounter.swift in Sources */ = {isa = PBXBuildFile; fileRef = E6B977B4BEAC451F6FC0C3B8 /* NewCardCounter.swift */; };
		7A03126B46C15805D2D918F7 /* Note.swift in Sources */ = {isa = PBXBuildFile; fileRef = 2389E116B6171C4F8ABAD15E /* Note.swift */; };
		7EA1F2FA24A68D335B55467A /* Enums.swift in Sources */ = {isa = PBXBuildFile; fileRef = 5710FA75DDD0CB5C29976B81 /* Enums.swift */; };
		842E5311EA48BFB3547FEBD6 /* DMSans.ttf in Resources */ = {isa = PBXBuildFile; fileRef = BEC558650956D409A959140F /* DMSans.ttf */; };
		8539EE7683F7E53751061382 /* EditorSheet.swift in Sources */ = {isa = PBXBuildFile; fileRef = F7E487EE56C6A64B65118C9D /* EditorSheet.swift */; };
		89026FC8EC39DBFF16D1D5BC /* Review.swift in Sources */ = {isa = PBXBuildFile; fileRef = 1EF15A0AC138CED597573830 /* Review.swift */; };
		8EB8DC95F62661271A5F8155 /* ShellTests.swift in Sources */ = {isa = PBXBuildFile; fileRef = CF095938D3E7CEB6034742C9 /* ShellTests.swift */; };
		9062FF5CFBFF44F8C706B09C /* HouseTabBar.swift in Sources */ = {isa = PBXBuildFile; fileRef = 87F896AF891F39904CB842B8 /* HouseTabBar.swift */; };
		9AA8BDB74A0FCC347F1FA6F0 /* DelimitedImport.swift in Sources */ = {isa = PBXBuildFile; fileRef = 2108283929F09F4FA2ABAD0A /* DelimitedImport.swift */; };
		9BA0567FE4B51D45DC38D210 /* ElbertTests.swift in Sources */ = {isa = PBXBuildFile; fileRef = 9EB9CB4EFA66E80658A32574 /* ElbertTests.swift */; };
		A6C0CDD6F6AA91B767B10139 /* SettingsScreen.swift in Sources */ = {isa = PBXBuildFile; fileRef = 721983C13B318479BCDA23A4 /* SettingsScreen.swift */; };
		B25ECF029DD73A9D914C4E1B /* HomeScreen.swift in Sources */ = {isa = PBXBuildFile; fileRef = 8CB5A836EFE25CC74E2DD333 /* HomeScreen.swift */; };
		C2A070E5C88C230D281AE5B6 /* DelimitedImportTests.swift in Sources */ = {isa = PBXBuildFile; fileRef = E1FC5565DD622555E804B81E /* DelimitedImportTests.swift */; };
		C4C7383C4B03DB00F4A1D1DE /* NoteDraft.swift in Sources */ = {isa = PBXBuildFile; fileRef = 8D3F2529564B28F2C1D7E1D4 /* NoteDraft.swift */; };
		CFFCDE69A2971100CB185F55 /* SettingsTests.swift in Sources */ = {isa = PBXBuildFile; fileRef = 5DA003E187A670B9A428A721 /* SettingsTests.swift */; };
		D12A70BE444795F9E852DF22 /* SampleDecks.json in Resources */ = {isa = PBXBuildFile; fileRef = 95F8074CDCCDEB3A62DA5BA5 /* SampleDecks.json */; };
		D4171AC8952D568BAF2A8B40 /* SmokeUITests.swift in Sources */ = {isa = PBXBuildFile; fileRef = 6147F7B6E091108EF6E835F9 /* SmokeUITests.swift */; };
		D6670FD9A263668B12C70E05 /* DeckNotesScreen.swift in Sources */ = {isa = PBXBuildFile; fileRef = 8257C5A89D29F6CDC8B1293E /* DeckNotesScreen.swift */; };
		D695BA23B249C10C83209B97 /* Card.swift in Sources */ = {isa = PBXBuildFile; fileRef = 004477F5E274521831ABE4CA /* Card.swift */; };
		DC1FFB9D205388592C6295D3 /* RootView.swift in Sources */ = {isa = PBXBuildFile; fileRef = 1BF4C020B737128702A1A9C5 /* RootView.swift */; };
		DC783A188E8B40373124A7F9 /* SampleDataTests.swift in Sources */ = {isa = PBXBuildFile; fileRef = 4718063620CAC621ECF122C3 /* SampleDataTests.swift */; };
		DF896C3BD47A0C5110EC53BF /* Typography.swift in Sources */ = {isa = PBXBuildFile; fileRef = 0FEFB9CA951FE21A831C31F1 /* Typography.swift */; };
		E45C61102E72BDE24AB92A3F /* StudySession.swift in Sources */ = {isa = PBXBuildFile; fileRef = BEBF97348386D3CA89018A99 /* StudySession.swift */; };
		F06A953EFB203E48CEE0DD75 /* CardsFromNoteTests.swift in Sources */ = {isa = PBXBuildFile; fileRef = 1D7A3C8E5504FD6E0572EB9E /* CardsFromNoteTests.swift */; };
		F1946F9891A405669D9A51B3 /* CardsFromNote.swift in Sources */ = {isa = PBXBuildFile; fileRef = D0FC0A25782553AC9D95297D /* CardsFromNote.swift */; };
		F1A9A1F0E888A7390930AB4D /* Cloze.swift in Sources */ = {isa = PBXBuildFile; fileRef = 01D3BF6DFC83464AE4483F8C /* Cloze.swift */; };
		F6CB384DEAB01060DFEFE6FF /* Theme.swift in Sources */ = {isa = PBXBuildFile; fileRef = 9AEF47AD555DC9FDFA26DA12 /* Theme.swift */; };
		F74066CD6142ED8CA4510EC3 /* FSRSKit in Frameworks */ = {isa = PBXBuildFile; productRef = 022FB4FF06F68601E4A94F82 /* FSRSKit */; };
/* End PBXBuildFile section */

/* Begin PBXContainerItemProxy section */
		9C065850694AC0787C6EF3BF /* PBXContainerItemProxy */ = {
			isa = PBXContainerItemProxy;
			containerPortal = 0B9BFE453F1F0D19D5440374 /* Project object */;
			proxyType = 1;
			remoteGlobalIDString = 4D542C80AEA7618D12E3BD8B;
			remoteInfo = Elbert;
		};
		A285AE0ED40A9A4350B4CC9B /* PBXContainerItemProxy */ = {
			isa = PBXContainerItemProxy;
			containerPortal = 0B9BFE453F1F0D19D5440374 /* Project object */;
			proxyType = 1;
			remoteGlobalIDString = 4D542C80AEA7618D12E3BD8B;
			remoteInfo = Elbert;
		};
/* End PBXContainerItemProxy section */

/* Begin PBXFileReference section */
		004477F5E274521831ABE4CA /* Card.swift */ = {isa = PBXFileReference; lastKnownFileType = sourcecode.swift; path = Card.swift; sourceTree = "<group>"; };
		01D3BA4B2279B83860F1EB29 /* DesignSystemTests.swift */ = {isa = PBXFileReference; lastKnownFileType = sourcecode.swift; path = DesignSystemTests.swift; sourceTree = "<group>"; };
		01D3BF6DFC83464AE4483F8C /* Cloze.swift */ = {isa = PBXFileReference; lastKnownFileType = sourcecode.swift; path = Cloze.swift; sourceTree = "<group>"; };
		061CAD07B43B53B76A33751A /* QueueTests.swift */ = {isa = PBXFileReference; lastKnownFileType = sourcecode.swift; path = QueueTests.swift; sourceTree = "<group>"; };
		07B5DCF5F283A122D61DEF3B /* Scheduler.swift */ = {isa = PBXFileReference; lastKnownFileType = sourcecode.swift; path = Scheduler.swift; sourceTree = "<group>"; };
		08546F5849952E1360AFEA37 /* DeckFlowUITests.swift */ = {isa = PBXFileReference; lastKnownFileType = sourcecode.swift; path = DeckFlowUITests.swift; sourceTree = "<group>"; };
		0A6EE6DD8B368CACDA3D39EE /* StudySessionTests.swift */ = {isa = PBXFileReference; lastKnownFileType = sourcecode.swift; path = StudySessionTests.swift; sourceTree = "<group>"; };
		0C098ED950F5833D92667649 /* HouseScreen.swift */ = {isa = PBXFileReference; lastKnownFileType = sourcecode.swift; path = HouseScreen.swift; sourceTree = "<group>"; };
		0FEFB9CA951FE21A831C31F1 /* Typography.swift */ = {isa = PBXFileReference; lastKnownFileType = sourcecode.swift; path = Typography.swift; sourceTree = "<group>"; };
		1BA04ED33542FCF20E3D5343 /* Feedback.swift */ = {isa = PBXFileReference; lastKnownFileType = sourcecode.swift; path = Feedback.swift; sourceTree = "<group>"; };
		1BF4C020B737128702A1A9C5 /* RootView.swift */ = {isa = PBXFileReference; lastKnownFileType = sourcecode.swift; path = RootView.swift; sourceTree = "<group>"; };
		1D7A3C8E5504FD6E0572EB9E /* CardsFromNoteTests.swift */ = {isa = PBXFileReference; lastKnownFileType = sourcecode.swift; path = CardsFromNoteTests.swift; sourceTree = "<group>"; };
		1EF15A0AC138CED597573830 /* Review.swift */ = {isa = PBXFileReference; lastKnownFileType = sourcecode.swift; path = Review.swift; sourceTree = "<group>"; };
		1FAAC81112D995D76EF6B27E /* .gitkeep */ = {isa = PBXFileReference; path = .gitkeep; sourceTree = "<group>"; };
		2108283929F09F4FA2ABAD0A /* DelimitedImport.swift */ = {isa = PBXFileReference; lastKnownFileType = sourcecode.swift; path = DelimitedImport.swift; sourceTree = "<group>"; };
		2389E116B6171C4F8ABAD15E /* Note.swift */ = {isa = PBXFileReference; lastKnownFileType = sourcecode.swift; path = Note.swift; sourceTree = "<group>"; };
		25BF213188459A5C1BBB44AA /* ModelsTests.swift */ = {isa = PBXFileReference; lastKnownFileType = sourcecode.swift; path = ModelsTests.swift; sourceTree = "<group>"; };
		29C353264175FB2BEECE4741 /* SyncStatusDisplay.swift */ = {isa = PBXFileReference; lastKnownFileType = sourcecode.swift; path = SyncStatusDisplay.swift; sourceTree = "<group>"; };
		35EB6287CAD0D74B044F387B /* DeckListScreen.swift */ = {isa = PBXFileReference; lastKnownFileType = sourcecode.swift; path = DeckListScreen.swift; sourceTree = "<group>"; };
		38BA9DC845FD3DAF66AF7EFB /* AppTab.swift */ = {isa = PBXFileReference; lastKnownFileType = sourcecode.swift; path = AppTab.swift; sourceTree = "<group>"; };
		4718063620CAC621ECF122C3 /* SampleDataTests.swift */ = {isa = PBXFileReference; lastKnownFileType = sourcecode.swift; path = SampleDataTests.swift; sourceTree = "<group>"; };
		50A3DF54D54AB16756504518 /* Assets.xcassets */ = {isa = PBXFileReference; lastKnownFileType = folder.assetcatalog; path = Assets.xcassets; sourceTree = "<group>"; };
		52E7A2E10B27330E83314BDB /* ElbertApp.swift */ = {isa = PBXFileReference; lastKnownFileType = sourcecode.swift; path = ElbertApp.swift; sourceTree = "<group>"; };
		5710FA75DDD0CB5C29976B81 /* Enums.swift */ = {isa = PBXFileReference; lastKnownFileType = sourcecode.swift; path = Enums.swift; sourceTree = "<group>"; };
		5DA003E187A670B9A428A721 /* SettingsTests.swift */ = {isa = PBXFileReference; lastKnownFileType = sourcecode.swift; path = SettingsTests.swift; sourceTree = "<group>"; };
		6147F7B6E091108EF6E835F9 /* SmokeUITests.swift */ = {isa = PBXFileReference; lastKnownFileType = sourcecode.swift; path = SmokeUITests.swift; sourceTree = "<group>"; };
		721983C13B318479BCDA23A4 /* SettingsScreen.swift */ = {isa = PBXFileReference; lastKnownFileType = sourcecode.swift; path = SettingsScreen.swift; sourceTree = "<group>"; };
		74AEBC7E6222AFF06E49666B /* DeckSettingsScreen.swift */ = {isa = PBXFileReference; lastKnownFileType = sourcecode.swift; path = DeckSettingsScreen.swift; sourceTree = "<group>"; };
		7820516C33491D483706A7AC /* MediaAsset.swift */ = {isa = PBXFileReference; lastKnownFileType = sourcecode.swift; path = MediaAsset.swift; sourceTree = "<group>"; };
		7F0C274950BE16D9C5FD03C5 /* DesignGallery.swift */ = {isa = PBXFileReference; lastKnownFileType = sourcecode.swift; path = DesignGallery.swift; sourceTree = "<group>"; };
		7F363816233BAFC1E3359D50 /* Deck.swift */ = {isa = PBXFileReference; lastKnownFileType = sourcecode.swift; path = Deck.swift; sourceTree = "<group>"; };
		80195AAAEE079FF0154B2DA5 /* ElbertUITests.xctest */ = {isa = PBXFileReference; includeInIndex = 0; lastKnownFileType = wrapper.cfbundle; path = ElbertUITests.xctest; sourceTree = BUILT_PRODUCTS_DIR; };
		8075B1F1A7C3D3A67312187D /* StudyScreen.swift */ = {isa = PBXFileReference; lastKnownFileType = sourcecode.swift; path = StudyScreen.swift; sourceTree = "<group>"; };
		8257C5A89D29F6CDC8B1293E /* DeckNotesScreen.swift */ = {isa = PBXFileReference; lastKnownFileType = sourcecode.swift; path = DeckNotesScreen.swift; sourceTree = "<group>"; };
		87B26974EF8AF821EF15AAB4 /* .gitkeep */ = {isa = PBXFileReference; path = .gitkeep; sourceTree = "<group>"; };
		87F896AF891F39904CB842B8 /* HouseTabBar.swift */ = {isa = PBXFileReference; lastKnownFileType = sourcecode.swift; path = HouseTabBar.swift; sourceTree = "<group>"; };
		8CB5A836EFE25CC74E2DD333 /* HomeScreen.swift */ = {isa = PBXFileReference; lastKnownFileType = sourcecode.swift; path = HomeScreen.swift; sourceTree = "<group>"; };
		8D2E2E2EF0E6E14538CA5D10 /* Icons.swift */ = {isa = PBXFileReference; lastKnownFileType = sourcecode.swift; path = Icons.swift; sourceTree = "<group>"; };
		8D3F2529564B28F2C1D7E1D4 /* NoteDraft.swift */ = {isa = PBXFileReference; lastKnownFileType = sourcecode.swift; path = NoteDraft.swift; sourceTree = "<group>"; };
		95F8074CDCCDEB3A62DA5BA5 /* SampleDecks.json */ = {isa = PBXFileReference; lastKnownFileType = text.json; path = SampleDecks.json; sourceTree = "<group>"; };
		9AEF47AD555DC9FDFA26DA12 /* Theme.swift */ = {isa = PBXFileReference; lastKnownFileType = sourcecode.swift; path = Theme.swift; sourceTree = "<group>"; };
		9CB426315837D6D00765AE84 /* NoteDraftTests.swift */ = {isa = PBXFileReference; lastKnownFileType = sourcecode.swift; path = NoteDraftTests.swift; sourceTree = "<group>"; };
		9EB9CB4EFA66E80658A32574 /* ElbertTests.swift */ = {isa = PBXFileReference; lastKnownFileType = sourcecode.swift; path = ElbertTests.swift; sourceTree = "<group>"; };
		A1971F822C159FCBA0FAD731 /* .gitkeep */ = {isa = PBXFileReference; path = .gitkeep; sourceTree = "<group>"; };
		A2FCB1FE0F5FCA780B8C577D /* SampleData.swift */ = {isa = PBXFileReference; lastKnownFileType = sourcecode.swift; path = SampleData.swift; sourceTree = "<group>"; };
		A332AEF634FF9758F7A5DF20 /* Buttons.swift */ = {isa = PBXFileReference; lastKnownFileType = sourcecode.swift; path = Buttons.swift; sourceTree = "<group>"; };
		AEE9B4E0D4700D75DA22AF35 /* UITestSupport.swift */ = {isa = PBXFileReference; lastKnownFileType = sourcecode.swift; path = UITestSupport.swift; sourceTree = "<group>"; };
		B40C8997BAA43C91B6540469 /* Queue.swift */ = {isa = PBXFileReference; lastKnownFileType = sourcecode.swift; path = Queue.swift; sourceTree = "<group>"; };
		B83C1AB0C3F6D61B1310EB77 /* .gitkeep */ = {isa = PBXFileReference; path = .gitkeep; sourceTree = "<group>"; };
		BA967F1A12915216E9A8F350 /* ClozeTests.swift */ = {isa = PBXFileReference; lastKnownFileType = sourcecode.swift; path = ClozeTests.swift; sourceTree = "<group>"; };
		BE2A76951E4E9524352AF55C /* FSRSKit */ = {isa = PBXFileReference; lastKnownFileType = folder; name = FSRSKit; path = Packages/FSRSKit; sourceTree = SOURCE_ROOT; };
		BEBF97348386D3CA89018A99 /* StudySession.swift */ = {isa = PBXFileReference; lastKnownFileType = sourcecode.swift; path = StudySession.swift; sourceTree = "<group>"; };
		BEC558650956D409A959140F /* DMSans.ttf */ = {isa = PBXFileReference; lastKnownFileType = file; path = DMSans.ttf; sourceTree = "<group>"; };
		C7E93B21999F54CBF01FCA7D /* SchedulerTests.swift */ = {isa = PBXFileReference; lastKnownFileType = sourcecode.swift; path = SchedulerTests.swift; sourceTree = "<group>"; };
		CF095938D3E7CEB6034742C9 /* ShellTests.swift */ = {isa = PBXFileReference; lastKnownFileType = sourcecode.swift; path = ShellTests.swift; sourceTree = "<group>"; };
		D0FC0A25782553AC9D95297D /* CardsFromNote.swift */ = {isa = PBXFileReference; lastKnownFileType = sourcecode.swift; path = CardsFromNote.swift; sourceTree = "<group>"; };
		D46B9879756CC394EBCCEF1C /* ElbertTests.xctest */ = {isa = PBXFileReference; includeInIndex = 0; lastKnownFileType = wrapper.cfbundle; path = ElbertTests.xctest; sourceTree = BUILT_PRODUCTS_DIR; };
		D52B715D527791D66B8B78C6 /* ElbertUITests.swift */ = {isa = PBXFileReference; lastKnownFileType = sourcecode.swift; path = ElbertUITests.swift; sourceTree = "<group>"; };
		D574077B80F4101BBADF7F4A /* Persistence.swift */ = {isa = PBXFileReference; lastKnownFileType = sourcecode.swift; path = Persistence.swift; sourceTree = "<group>"; };
		E1FC5565DD622555E804B81E /* DelimitedImportTests.swift */ = {isa = PBXFileReference; lastKnownFileType = sourcecode.swift; path = DelimitedImportTests.swift; sourceTree = "<group>"; };
		E6B977B4BEAC451F6FC0C3B8 /* NewCardCounter.swift */ = {isa = PBXFileReference; lastKnownFileType = sourcecode.swift; path = NewCardCounter.swift; sourceTree = "<group>"; };
		E7C389F69D8800A969A18FEF /* Elbert.app */ = {isa = PBXFileReference; includeInIndex = 0; lastKnownFileType = wrapper.application; path = Elbert.app; sourceTree = BUILT_PRODUCTS_DIR; };
		EA9A040E80FB42FCABCF1CF7 /* AppearanceMode.swift */ = {isa = PBXFileReference; lastKnownFileType = sourcecode.swift; path = AppearanceMode.swift; sourceTree = "<group>"; };
		F7E487EE56C6A64B65118C9D /* EditorSheet.swift */ = {isa = PBXFileReference; lastKnownFileType = sourcecode.swift; path = EditorSheet.swift; sourceTree = "<group>"; };
/* End PBXFileReference section */

/* Begin PBXFrameworksBuildPhase section */
		5ECFDE3DD58D4391D10EAC43 /* Frameworks */ = {
			isa = PBXFrameworksBuildPhase;
			buildActionMask = 2147483647;
			files = (
				F74066CD6142ED8CA4510EC3 /* FSRSKit in Frameworks */,
			);
			runOnlyForDeploymentPostprocessing = 0;
		};
/* End PBXFrameworksBuildPhase section */

/* Begin PBXGroup section */
		041CC04E14468F8876F12B83 /* ElbertTests */ = {
			isa = PBXGroup;
			children = (
				1D7A3C8E5504FD6E0572EB9E /* CardsFromNoteTests.swift */,
				BA967F1A12915216E9A8F350 /* ClozeTests.swift */,
				E1FC5565DD622555E804B81E /* DelimitedImportTests.swift */,
				01D3BA4B2279B83860F1EB29 /* DesignSystemTests.swift */,
				9EB9CB4EFA66E80658A32574 /* ElbertTests.swift */,
				25BF213188459A5C1BBB44AA /* ModelsTests.swift */,
				9CB426315837D6D00765AE84 /* NoteDraftTests.swift */,
				061CAD07B43B53B76A33751A /* QueueTests.swift */,
				4718063620CAC621ECF122C3 /* SampleDataTests.swift */,
				C7E93B21999F54CBF01FCA7D /* SchedulerTests.swift */,
				5DA003E187A670B9A428A721 /* SettingsTests.swift */,
				CF095938D3E7CEB6034742C9 /* ShellTests.swift */,
				0A6EE6DD8B368CACDA3D39EE /* StudySessionTests.swift */,
			);
			path = ElbertTests;
			sourceTree = "<group>";
		};
		0B6C02D2B213435F9E16E340 /* Tests */ = {
			isa = PBXGroup;
			children = (
				041CC04E14468F8876F12B83 /* ElbertTests */,
				8962126AF7C214EB0DAD93BB /* ElbertUITests */,
			);
			path = Tests;
			sourceTree = "<group>";
		};
		2BAE8DC56E33DCB186241F78 /* Screens */ = {
			isa = PBXGroup;
			children = (
				1FAAC81112D995D76EF6B27E /* .gitkeep */,
				38BA9DC845FD3DAF66AF7EFB /* AppTab.swift */,
				35EB6287CAD0D74B044F387B /* DeckListScreen.swift */,
				8257C5A89D29F6CDC8B1293E /* DeckNotesScreen.swift */,
				74AEBC7E6222AFF06E49666B /* DeckSettingsScreen.swift */,
				F7E487EE56C6A64B65118C9D /* EditorSheet.swift */,
				8CB5A836EFE25CC74E2DD333 /* HomeScreen.swift */,
				0C098ED950F5833D92667649 /* HouseScreen.swift */,
				87F896AF891F39904CB842B8 /* HouseTabBar.swift */,
				1BF4C020B737128702A1A9C5 /* RootView.swift */,
				721983C13B318479BCDA23A4 /* SettingsScreen.swift */,
				8075B1F1A7C3D3A67312187D /* StudyScreen.swift */,
			);
			path = Screens;
			sourceTree = "<group>";
		};
		33AA0AEC3BF5DB6D6276A2A9 /* Resources */ = {
			isa = PBXGroup;
			children = (
				95F8074CDCCDEB3A62DA5BA5 /* SampleDecks.json */,
				A2F6333DE6F00C2C70642134 /* Fonts */,
			);
			path = Resources;
			sourceTree = "<group>";
		};
		568A88C91AA86637C66D025A /* Models */ = {
			isa = PBXGroup;
			children = (
				A1971F822C159FCBA0FAD731 /* .gitkeep */,
				EA9A040E80FB42FCABCF1CF7 /* AppearanceMode.swift */,
				004477F5E274521831ABE4CA /* Card.swift */,
				7F363816233BAFC1E3359D50 /* Deck.swift */,
				5710FA75DDD0CB5C29976B81 /* Enums.swift */,
				7820516C33491D483706A7AC /* MediaAsset.swift */,
				2389E116B6171C4F8ABAD15E /* Note.swift */,
				D574077B80F4101BBADF7F4A /* Persistence.swift */,
				1EF15A0AC138CED597573830 /* Review.swift */,
				A2FCB1FE0F5FCA780B8C577D /* SampleData.swift */,
				29C353264175FB2BEECE4741 /* SyncStatusDisplay.swift */,
			);
			path = Models;
			sourceTree = "<group>";
		};
		6EF0D61377BD5F1C30247657 = {
			isa = PBXGroup;
			children = (
				8F978846838EF3ED0D51D95D /* Elbert */,
				FA6F021DA0D1B3D3AD20A306 /* Packages */,
				9C013B68BCF40C69B8354F56 /* Products */,
			);
			sourceTree = "<group>";
		};
		7DD961DB0AF0192CB0C3C6AA /* App */ = {
			isa = PBXGroup;
			children = (
				52E7A2E10B27330E83314BDB /* ElbertApp.swift */,
			);
			path = App;
			sourceTree = "<group>";
		};
		8962126AF7C214EB0DAD93BB /* ElbertUITests */ = {
			isa = PBXGroup;
			children = (
				08546F5849952E1360AFEA37 /* DeckFlowUITests.swift */,
				D52B715D527791D66B8B78C6 /* ElbertUITests.swift */,
				6147F7B6E091108EF6E835F9 /* SmokeUITests.swift */,
				AEE9B4E0D4700D75DA22AF35 /* UITestSupport.swift */,
			);
			path = ElbertUITests;
			sourceTree = "<group>";
		};
		8F978846838EF3ED0D51D95D /* Elbert */ = {
			isa = PBXGroup;
			children = (
				50A3DF54D54AB16756504518 /* Assets.xcassets */,
				7DD961DB0AF0192CB0C3C6AA /* App */,
				FABD692EF407C7F4DD4C2218 /* Design */,
				9AC9F255CA32D919A5648858 /* Engine */,
				568A88C91AA86637C66D025A /* Models */,
				33AA0AEC3BF5DB6D6276A2A9 /* Resources */,
				2BAE8DC56E33DCB186241F78 /* Screens */,
				0B6C02D2B213435F9E16E340 /* Tests */,
			);
			path = Elbert;
			sourceTree = "<group>";
		};
		9AC9F255CA32D919A5648858 /* Engine */ = {
			isa = PBXGroup;
			children = (
				87B26974EF8AF821EF15AAB4 /* .gitkeep */,
				D0FC0A25782553AC9D95297D /* CardsFromNote.swift */,
				01D3BF6DFC83464AE4483F8C /* Cloze.swift */,
				2108283929F09F4FA2ABAD0A /* DelimitedImport.swift */,
				E6B977B4BEAC451F6FC0C3B8 /* NewCardCounter.swift */,
				8D3F2529564B28F2C1D7E1D4 /* NoteDraft.swift */,
				B40C8997BAA43C91B6540469 /* Queue.swift */,
				07B5DCF5F283A122D61DEF3B /* Scheduler.swift */,
				BEBF97348386D3CA89018A99 /* StudySession.swift */,
			);
			path = Engine;
			sourceTree = "<group>";
		};
		9C013B68BCF40C69B8354F56 /* Products */ = {
			isa = PBXGroup;
			children = (
				E7C389F69D8800A969A18FEF /* Elbert.app */,
				D46B9879756CC394EBCCEF1C /* ElbertTests.xctest */,
				80195AAAEE079FF0154B2DA5 /* ElbertUITests.xctest */,
			);
			name = Products;
			sourceTree = "<group>";
		};
		A2F6333DE6F00C2C70642134 /* Fonts */ = {
			isa = PBXGroup;
			children = (
				BEC558650956D409A959140F /* DMSans.ttf */,
			);
			path = Fonts;
			sourceTree = "<group>";
		};
		FA6F021DA0D1B3D3AD20A306 /* Packages */ = {
			isa = PBXGroup;
			children = (
				BE2A76951E4E9524352AF55C /* FSRSKit */,
			);
			path = Packages;
			sourceTree = "<group>";
		};
		FABD692EF407C7F4DD4C2218 /* Design */ = {
			isa = PBXGroup;
			children = (
				B83C1AB0C3F6D61B1310EB77 /* .gitkeep */,
				A332AEF634FF9758F7A5DF20 /* Buttons.swift */,
				7F0C274950BE16D9C5FD03C5 /* DesignGallery.swift */,
				1BA04ED33542FCF20E3D5343 /* Feedback.swift */,
				8D2E2E2EF0E6E14538CA5D10 /* Icons.swift */,
				9AEF47AD555DC9FDFA26DA12 /* Theme.swift */,
				0FEFB9CA951FE21A831C31F1 /* Typography.swift */,
			);
			path = Design;
			sourceTree = "<group>";
		};
/* End PBXGroup section */

/* Begin PBXNativeTarget section */
		34CCDCB8BB8F5C2ABC530D0E /* ElbertUITests */ = {
			isa = PBXNativeTarget;
			buildConfigurationList = E365B47D45B2E04144AC17C1 /* Build configuration list for PBXNativeTarget "ElbertUITests" */;
			buildPhases = (
				2941F735856C3358B60B0E6E /* Sources */,
			);
			buildRules = (
			);
			dependencies = (
				2F775738B21B66F25E92DFC0 /* PBXTargetDependency */,
			);
			name = ElbertUITests;
			packageProductDependencies = (
			);
			productName = ElbertUITests;
			productReference = 80195AAAEE079FF0154B2DA5 /* ElbertUITests.xctest */;
			productType = "com.apple.product-type.bundle.ui-testing";
		};
		4D542C80AEA7618D12E3BD8B /* Elbert */ = {
			isa = PBXNativeTarget;
			buildConfigurationList = 8DA4284FFAAD9EAFA21AB0C2 /* Build configuration list for PBXNativeTarget "Elbert" */;
			buildPhases = (
				60E1F741B128E63395374880 /* Sources */,
				D361AD240D0D3F98EE3CB08E /* Resources */,
				5ECFDE3DD58D4391D10EAC43 /* Frameworks */,
			);
			buildRules = (
			);
			dependencies = (
			);
			name = Elbert;
			packageProductDependencies = (
				022FB4FF06F68601E4A94F82 /* FSRSKit */,
			);
			productName = Elbert;
			productReference = E7C389F69D8800A969A18FEF /* Elbert.app */;
			productType = "com.apple.product-type.application";
		};
		9A618B27F046F5159313E311 /* ElbertTests */ = {
			isa = PBXNativeTarget;
			buildConfigurationList = 50897324BEE91077173CCA34 /* Build configuration list for PBXNativeTarget "ElbertTests" */;
			buildPhases = (
				6DBA243DF16C3583F03DF591 /* Sources */,
			);
			buildRules = (
			);
			dependencies = (
				9A6E2005C2BA9C8E9429EB3C /* PBXTargetDependency */,
			);
			name = ElbertTests;
			packageProductDependencies = (
			);
			productName = ElbertTests;
			productReference = D46B9879756CC394EBCCEF1C /* ElbertTests.xctest */;
			productType = "com.apple.product-type.bundle.unit-test";
		};
/* End PBXNativeTarget section */

/* Begin PBXProject section */
		0B9BFE453F1F0D19D5440374 /* Project object */ = {
			isa = PBXProject;
			attributes = {
				BuildIndependentTargetsInParallel = YES;
				LastUpgradeCheck = 2660;
				TargetAttributes = {
					34CCDCB8BB8F5C2ABC530D0E = {
						TestTargetID = 4D542C80AEA7618D12E3BD8B;
					};
					4D542C80AEA7618D12E3BD8B = {
						DevelopmentTeam = AAKNTD24WB;
						ProvisioningStyle = Automatic;
					};
				};
			};
			buildConfigurationList = 9AB69DA4DE40C6C98EF17933 /* Build configuration list for PBXProject "Elbert" */;
			developmentRegion = en;
			hasScannedForEncodings = 0;
			knownRegions = (
				Base,
				en,
			);
			mainGroup = 6EF0D61377BD5F1C30247657;
			minimizedProjectReferenceProxies = 1;
			packageReferences = (
				C01068A66E149FE66CAE5A47 /* XCLocalSwiftPackageReference "Packages/FSRSKit" */,
			);
			preferredProjectObjectVersion = 77;
			productRefGroup = 9C013B68BCF40C69B8354F56 /* Products */;
			projectDirPath = "";
			projectRoot = "";
			targets = (
				4D542C80AEA7618D12E3BD8B /* Elbert */,
				9A618B27F046F5159313E311 /* ElbertTests */,
				34CCDCB8BB8F5C2ABC530D0E /* ElbertUITests */,
			);
		};
/* End PBXProject section */

/* Begin PBXResourcesBuildPhase section */
		D361AD240D0D3F98EE3CB08E /* Resources */ = {
			isa = PBXResourcesBuildPhase;
			buildActionMask = 2147483647;
			files = (
				450D9B55EB6BFA79886AF996 /* Assets.xcassets in Resources */,
				842E5311EA48BFB3547FEBD6 /* DMSans.ttf in Resources */,
				D12A70BE444795F9E852DF22 /* SampleDecks.json in Resources */,
			);
			runOnlyForDeploymentPostprocessing = 0;
		};
/* End PBXResourcesBuildPhase section */

/* Begin PBXSourcesBuildPhase section */
		2941F735856C3358B60B0E6E /* Sources */ = {
			isa = PBXSourcesBuildPhase;
			buildActionMask = 2147483647;
			files = (
				632AC260A9547C8140C413BE /* DeckFlowUITests.swift in Sources */,
				07DD483AA93C7D048E649732 /* ElbertUITests.swift in Sources */,
				D4171AC8952D568BAF2A8B40 /* SmokeUITests.swift in Sources */,
				1E17230648BEBB6015A4D177 /* UITestSupport.swift in Sources */,
			);
			runOnlyForDeploymentPostprocessing = 0;
		};
		60E1F741B128E63395374880 /* Sources */ = {
			isa = PBXSourcesBuildPhase;
			buildActionMask = 2147483647;
			files = (
				1214A497C7D1842FC7215061 /* AppTab.swift in Sources */,
				524720213C21B6663CDBE157 /* AppearanceMode.swift in Sources */,
				1D9A490A881552337C9F124A /* Buttons.swift in Sources */,
				D695BA23B249C10C83209B97 /* Card.swift in Sources */,
				F1946F9891A405669D9A51B3 /* CardsFromNote.swift in Sources */,
				F1A9A1F0E888A7390930AB4D /* Cloze.swift in Sources */,
				4175C333970EA3210273F9BC /* Deck.swift in Sources */,
				59B025771C896AE2E16084E6 /* DeckListScreen.swift in Sources */,
				D6670FD9A263668B12C70E05 /* DeckNotesScreen.swift in Sources */,
				710D31C839611FEC5ED15D31 /* DeckSettingsScreen.swift in Sources */,
				9AA8BDB74A0FCC347F1FA6F0 /* DelimitedImport.swift in Sources */,
				5E086AFD438D3A93E385A912 /* DesignGallery.swift in Sources */,
				8539EE7683F7E53751061382 /* EditorSheet.swift in Sources */,
				65873447D57F7B97602F77B5 /* ElbertApp.swift in Sources */,
				7EA1F2FA24A68D335B55467A /* Enums.swift in Sources */,
				3BB50B1455929D5ADB5DDAF9 /* Feedback.swift in Sources */,
				B25ECF029DD73A9D914C4E1B /* HomeScreen.swift in Sources */,
				2DCEE9BB512778B4CF30AE11 /* HouseScreen.swift in Sources */,
				9062FF5CFBFF44F8C706B09C /* HouseTabBar.swift in Sources */,
				567703E5CF0B7C1371CB2E9C /* Icons.swift in Sources */,
				69C20D6616E2BE848262F730 /* MediaAsset.swift in Sources */,
				71C10A1B970BFD08DCAFC63A /* NewCardCounter.swift in Sources */,
				7A03126B46C15805D2D918F7 /* Note.swift in Sources */,
				C4C7383C4B03DB00F4A1D1DE /* NoteDraft.swift in Sources */,
				625C4F2D7956947EC42FD657 /* Persistence.swift in Sources */,
				070A26CD92F6EB70A7E84897 /* Queue.swift in Sources */,
				89026FC8EC39DBFF16D1D5BC /* Review.swift in Sources */,
				DC1FFB9D205388592C6295D3 /* RootView.swift in Sources */,
				504F941EAD5A4C9A9A0E6145 /* SampleData.swift in Sources */,
				6646697E4DA338A10F26B7F9 /* Scheduler.swift in Sources */,
				A6C0CDD6F6AA91B767B10139 /* SettingsScreen.swift in Sources */,
				2D6E1354534B004848692BA1 /* StudyScreen.swift in Sources */,
				E45C61102E72BDE24AB92A3F /* StudySession.swift in Sources */,
				69273F6B1952F89C0E6059D8 /* SyncStatusDisplay.swift in Sources */,
				F6CB384DEAB01060DFEFE6FF /* Theme.swift in Sources */,
				DF896C3BD47A0C5110EC53BF /* Typography.swift in Sources */,
			);
			runOnlyForDeploymentPostprocessing = 0;
		};
		6DBA243DF16C3583F03DF591 /* Sources */ = {
			isa = PBXSourcesBuildPhase;
			buildActionMask = 2147483647;
			files = (
				F06A953EFB203E48CEE0DD75 /* CardsFromNoteTests.swift in Sources */,
				06CDFF04BE3EC9527E2ED890 /* ClozeTests.swift in Sources */,
				C2A070E5C88C230D281AE5B6 /* DelimitedImportTests.swift in Sources */,
				52C6A768F5F82AB1A1C54F90 /* DesignSystemTests.swift in Sources */,
				9BA0567FE4B51D45DC38D210 /* ElbertTests.swift in Sources */,
				1400FBC825F50AE163F03BF1 /* ModelsTests.swift in Sources */,
				32E95D98B3C3A7AE5F93091E /* NoteDraftTests.swift in Sources */,
				58CA3ADFDB39CEF1C72932DD /* QueueTests.swift in Sources */,
				DC783A188E8B40373124A7F9 /* SampleDataTests.swift in Sources */,
				27277E369170503A8FA823BA /* SchedulerTests.swift in Sources */,
				CFFCDE69A2971100CB185F55 /* SettingsTests.swift in Sources */,
				8EB8DC95F62661271A5F8155 /* ShellTests.swift in Sources */,
				0F368ED4194D9D3F395012BA /* StudySessionTests.swift in Sources */,
			);
			runOnlyForDeploymentPostprocessing = 0;
		};
/* End PBXSourcesBuildPhase section */

/* Begin PBXTargetDependency section */
		2F775738B21B66F25E92DFC0 /* PBXTargetDependency */ = {
			isa = PBXTargetDependency;
			target = 4D542C80AEA7618D12E3BD8B /* Elbert */;
			targetProxy = 9C065850694AC0787C6EF3BF /* PBXContainerItemProxy */;
		};
		9A6E2005C2BA9C8E9429EB3C /* PBXTargetDependency */ = {
			isa = PBXTargetDependency;
			target = 4D542C80AEA7618D12E3BD8B /* Elbert */;
			targetProxy = A285AE0ED40A9A4350B4CC9B /* PBXContainerItemProxy */;
		};
/* End PBXTargetDependency section */

/* Begin XCBuildConfiguration section */
		11A478BF1F5726CEF35D3A45 /* Release */ = {
			isa = XCBuildConfiguration;
			buildSettings = {
				BUNDLE_LOADER = "$(TEST_HOST)";
				GENERATE_INFOPLIST_FILE = YES;
				LD_RUNPATH_SEARCH_PATHS = (
					"$(inherited)",
					"@executable_path/Frameworks",
					"@loader_path/Frameworks",
				);
				PRODUCT_BUNDLE_IDENTIFIER = com.calebl.elbert.tests;
				SDKROOT = iphoneos;
				SWIFT_ACTIVE_COMPILATION_CONDITIONS = "$(inherited) ELBERT_CLOUDKIT";
				TARGETED_DEVICE_FAMILY = "1,2";
				TEST_HOST = "$(BUILT_PRODUCTS_DIR)/Elbert.app/Elbert";
			};
			name = Release;
		};
		4156064627FDE9D4CE40C85F /* Debug */ = {
			isa = XCBuildConfiguration;
			buildSettings = {
				BUNDLE_LOADER = "$(TEST_HOST)";
				GENERATE_INFOPLIST_FILE = YES;
				LD_RUNPATH_SEARCH_PATHS = (
					"$(inherited)",
					"@executable_path/Frameworks",
					"@loader_path/Frameworks",
				);
				PRODUCT_BUNDLE_IDENTIFIER = com.calebl.elbert.uitests;
				SDKROOT = iphoneos;
				TARGETED_DEVICE_FAMILY = "1,2";
				TEST_TARGET_NAME = Elbert;
			};
			name = Debug;
		};
		5E44B8C82D503AC6D38628A8 /* Debug */ = {
			isa = XCBuildConfiguration;
			buildSettings = {
				ALWAYS_SEARCH_USER_PATHS = NO;
				CLANG_ANALYZER_NONNULL = YES;
				CLANG_ANALYZER_NUMBER_OBJECT_CONVERSION = YES_AGGRESSIVE;
				CLANG_CXX_LANGUAGE_STANDARD = "gnu++14";
				CLANG_CXX_LIBRARY = "libc++";
				CLANG_ENABLE_MODULES = YES;
				CLANG_ENABLE_OBJC_ARC = YES;
				CLANG_ENABLE_OBJC_WEAK = YES;
				CLANG_WARN_BLOCK_CAPTURE_AUTORELEASING = YES;
				CLANG_WARN_BOOL_CONVERSION = YES;
				CLANG_WARN_COMMA = YES;
				CLANG_WARN_CONSTANT_CONVERSION = YES;
				CLANG_WARN_DEPRECATED_OBJC_IMPLEMENTATIONS = YES;
				CLANG_WARN_DIRECT_OBJC_ISA_USAGE = YES_ERROR;
				CLANG_WARN_DOCUMENTATION_COMMENTS = YES;
				CLANG_WARN_EMPTY_BODY = YES;
				CLANG_WARN_ENUM_CONVERSION = YES;
				CLANG_WARN_INFINITE_RECURSION = YES;
				CLANG_WARN_INT_CONVERSION = YES;
				CLANG_WARN_NON_LITERAL_NULL_CONVERSION = YES;
				CLANG_WARN_OBJC_IMPLICIT_RETAIN_SELF = YES;
				CLANG_WARN_OBJC_LITERAL_CONVERSION = YES;
				CLANG_WARN_OBJC_ROOT_CLASS = YES_ERROR;
				CLANG_WARN_QUOTED_INCLUDE_IN_FRAMEWORK_HEADER = YES;
				CLANG_WARN_RANGE_LOOP_ANALYSIS = YES;
				CLANG_WARN_STRICT_PROTOTYPES = YES;
				CLANG_WARN_SUSPICIOUS_MOVE = YES;
				CLANG_WARN_UNGUARDED_AVAILABILITY = YES_AGGRESSIVE;
				CLANG_WARN_UNREACHABLE_CODE = YES;
				CLANG_WARN__DUPLICATE_METHOD_MATCH = YES;
				COPY_PHASE_STRIP = NO;
				DEAD_CODE_STRIPPING = YES;
				DEBUG_INFORMATION_FORMAT = dwarf;
				ENABLE_STRICT_OBJC_MSGSEND = YES;
				ENABLE_TESTABILITY = YES;
				ENABLE_USER_SCRIPT_SANDBOXING = YES;
				GCC_C_LANGUAGE_STANDARD = gnu11;
				GCC_DYNAMIC_NO_PIC = NO;
				GCC_NO_COMMON_BLOCKS = YES;
				GCC_OPTIMIZATION_LEVEL = 0;
				GCC_PREPROCESSOR_DEFINITIONS = (
					"$(inherited)",
					"DEBUG=1",
				);
				GCC_WARN_64_TO_32_BIT_CONVERSION = YES;
				GCC_WARN_ABOUT_RETURN_TYPE = YES_ERROR;
				GCC_WARN_UNDECLARED_SELECTOR = YES;
				GCC_WARN_UNINITIALIZED_AUTOS = YES_AGGRESSIVE;
				GCC_WARN_UNUSED_FUNCTION = YES;
				GCC_WARN_UNUSED_VARIABLE = YES;
				IPHONEOS_DEPLOYMENT_TARGET = 17.0;
				MTL_ENABLE_DEBUG_INFO = INCLUDE_SOURCE;
				MTL_FAST_MATH = YES;
				ONLY_ACTIVE_ARCH = YES;
				PRODUCT_NAME = "$(TARGET_NAME)";
				SDKROOT = iphoneos;
				SWIFT_ACTIVE_COMPILATION_CONDITIONS = DEBUG;
				SWIFT_OPTIMIZATION_LEVEL = "-Onone";
				SWIFT_STRICT_CONCURRENCY = complete;
				SWIFT_VERSION = 6.0;
			};
			name = Debug;
		};
		71815C04FB7B87D5F3F36736 /* Release */ = {
			isa = XCBuildConfiguration;
			buildSettings = {
				ASSETCATALOG_COMPILER_APPICON_NAME = AppIcon;
				CODE_SIGN_ENTITLEMENTS = Elbert/Elbert.entitlements;
				CODE_SIGN_IDENTITY = "iPhone Developer";
				CODE_SIGN_STYLE = Automatic;
				DEVELOPMENT_TEAM = AAKNTD24WB;
				GENERATE_INFOPLIST_FILE = NO;
				INFOPLIST_FILE = Elbert/Info.plist;
				LD_RUNPATH_SEARCH_PATHS = (
					"$(inherited)",
					"@executable_path/Frameworks",
				);
				PRODUCT_BUNDLE_IDENTIFIER = com.calebl.elbert;
				SDKROOT = iphoneos;
				SWIFT_ACTIVE_COMPILATION_CONDITIONS = "$(inherited) ELBERT_CLOUDKIT";
				TARGETED_DEVICE_FAMILY = 1;
			};
			name = Release;
		};
		870DA93C5255B32CFE79D1BE /* Debug */ = {
			isa = XCBuildConfiguration;
			buildSettings = {
				ASSETCATALOG_COMPILER_APPICON_NAME = AppIcon;
				CODE_SIGN_ENTITLEMENTS = Elbert/Elbert.entitlements;
				CODE_SIGN_IDENTITY = "iPhone Developer";
				CODE_SIGN_STYLE = Automatic;
				DEVELOPMENT_TEAM = AAKNTD24WB;
				GENERATE_INFOPLIST_FILE = NO;
				INFOPLIST_FILE = Elbert/Info.plist;
				LD_RUNPATH_SEARCH_PATHS = (
					"$(inherited)",
					"@executable_path/Frameworks",
				);
				PRODUCT_BUNDLE_IDENTIFIER = com.calebl.elbert;
				SDKROOT = iphoneos;
				SWIFT_ACTIVE_COMPILATION_CONDITIONS = "$(inherited) ELBERT_CLOUDKIT";
				TARGETED_DEVICE_FAMILY = 1;
			};
			name = Debug;
		};
		B3AE1C50DA596F821BD9506C /* Release */ = {
			isa = XCBuildConfiguration;
			buildSettings = {
				ALWAYS_SEARCH_USER_PATHS = NO;
				CLANG_ANALYZER_NONNULL = YES;
				CLANG_ANALYZER_NUMBER_OBJECT_CONVERSION = YES_AGGRESSIVE;
				CLANG_CXX_LANGUAGE_STANDARD = "gnu++14";
				CLANG_CXX_LIBRARY = "libc++";
				CLANG_ENABLE_MODULES = YES;
				CLANG_ENABLE_OBJC_ARC = YES;
				CLANG_ENABLE_OBJC_WEAK = YES;
				CLANG_WARN_BLOCK_CAPTURE_AUTORELEASING = YES;
				CLANG_WARN_BOOL_CONVERSION = YES;
				CLANG_WARN_COMMA = YES;
				CLANG_WARN_CONSTANT_CONVERSION = YES;
				CLANG_WARN_DEPRECATED_OBJC_IMPLEMENTATIONS = YES;
				CLANG_WARN_DIRECT_OBJC_ISA_USAGE = YES_ERROR;
				CLANG_WARN_DOCUMENTATION_COMMENTS = YES;
				CLANG_WARN_EMPTY_BODY = YES;
				CLANG_WARN_ENUM_CONVERSION = YES;
				CLANG_WARN_INFINITE_RECURSION = YES;
				CLANG_WARN_INT_CONVERSION = YES;
				CLANG_WARN_NON_LITERAL_NULL_CONVERSION = YES;
				CLANG_WARN_OBJC_IMPLICIT_RETAIN_SELF = YES;
				CLANG_WARN_OBJC_LITERAL_CONVERSION = YES;
				CLANG_WARN_OBJC_ROOT_CLASS = YES_ERROR;
				CLANG_WARN_QUOTED_INCLUDE_IN_FRAMEWORK_HEADER = YES;
				CLANG_WARN_RANGE_LOOP_ANALYSIS = YES;
				CLANG_WARN_STRICT_PROTOTYPES = YES;
				CLANG_WARN_SUSPICIOUS_MOVE = YES;
				CLANG_WARN_UNGUARDED_AVAILABILITY = YES_AGGRESSIVE;
				CLANG_WARN_UNREACHABLE_CODE = YES;
				CLANG_WARN__DUPLICATE_METHOD_MATCH = YES;
				COPY_PHASE_STRIP = NO;
				DEAD_CODE_STRIPPING = YES;
				DEBUG_INFORMATION_FORMAT = "dwarf-with-dsym";
				ENABLE_NS_ASSERTIONS = NO;
				ENABLE_STRICT_OBJC_MSGSEND = YES;
				ENABLE_USER_SCRIPT_SANDBOXING = YES;
				GCC_C_LANGUAGE_STANDARD = gnu11;
				GCC_NO_COMMON_BLOCKS = YES;
				GCC_WARN_64_TO_32_BIT_CONVERSION = YES;
				GCC_WARN_ABOUT_RETURN_TYPE = YES_ERROR;
				GCC_WARN_UNDECLARED_SELECTOR = YES;
				GCC_WARN_UNINITIALIZED_AUTOS = YES_AGGRESSIVE;
				GCC_WARN_UNUSED_FUNCTION = YES;
				GCC_WARN_UNUSED_VARIABLE = YES;
				IPHONEOS_DEPLOYMENT_TARGET = 17.0;
				MTL_ENABLE_DEBUG_INFO = NO;
				MTL_FAST_MATH = YES;
				PRODUCT_NAME = "$(TARGET_NAME)";
				SDKROOT = iphoneos;
				SWIFT_COMPILATION_MODE = wholemodule;
				SWIFT_OPTIMIZATION_LEVEL = "-O";
				SWIFT_STRICT_CONCURRENCY = complete;
				SWIFT_VERSION = 6.0;
			};
			name = Release;
		};
		BF47E8BA207B259CF69ACFE6 /* Debug */ = {
			isa = XCBuildConfiguration;
			buildSettings = {
				BUNDLE_LOADER = "$(TEST_HOST)";
				GENERATE_INFOPLIST_FILE = YES;
				LD_RUNPATH_SEARCH_PATHS = (
					"$(inherited)",
					"@executable_path/Frameworks",
					"@loader_path/Frameworks",
				);
				PRODUCT_BUNDLE_IDENTIFIER = com.calebl.elbert.tests;
				SDKROOT = iphoneos;
				SWIFT_ACTIVE_COMPILATION_CONDITIONS = "$(inherited) ELBERT_CLOUDKIT";
				TARGETED_DEVICE_FAMILY = "1,2";
				TEST_HOST = "$(BUILT_PRODUCTS_DIR)/Elbert.app/Elbert";
			};
			name = Debug;
		};
		D15187A4894FEEAC571AB281 /* Release */ = {
			isa = XCBuildConfiguration;
			buildSettings = {
				BUNDLE_LOADER = "$(TEST_HOST)";
				GENERATE_INFOPLIST_FILE = YES;
				LD_RUNPATH_SEARCH_PATHS = (
					"$(inherited)",
					"@executable_path/Frameworks",
					"@loader_path/Frameworks",
				);
				PRODUCT_BUNDLE_IDENTIFIER = com.calebl.elbert.uitests;
				SDKROOT = iphoneos;
				TARGETED_DEVICE_FAMILY = "1,2";
				TEST_TARGET_NAME = Elbert;
			};
			name = Release;
		};
/* End XCBuildConfiguration section */

/* Begin XCConfigurationList section */
		50897324BEE91077173CCA34 /* Build configuration list for PBXNativeTarget "ElbertTests" */ = {
			isa = XCConfigurationList;
			buildConfigurations = (
				BF47E8BA207B259CF69ACFE6 /* Debug */,
				11A478BF1F5726CEF35D3A45 /* Release */,
			);
			defaultConfigurationIsVisible = 0;
			defaultConfigurationName = Debug;
		};
		8DA4284FFAAD9EAFA21AB0C2 /* Build configuration list for PBXNativeTarget "Elbert" */ = {
			isa = XCConfigurationList;
			buildConfigurations = (
				870DA93C5255B32CFE79D1BE /* Debug */,
				71815C04FB7B87D5F3F36736 /* Release */,
			);
			defaultConfigurationIsVisible = 0;
			defaultConfigurationName = Debug;
		};
		9AB69DA4DE40C6C98EF17933 /* Build configuration list for PBXProject "Elbert" */ = {
			isa = XCConfigurationList;
			buildConfigurations = (
				5E44B8C82D503AC6D38628A8 /* Debug */,
				B3AE1C50DA596F821BD9506C /* Release */,
			);
			defaultConfigurationIsVisible = 0;
			defaultConfigurationName = Debug;
		};
		E365B47D45B2E04144AC17C1 /* Build configuration list for PBXNativeTarget "ElbertUITests" */ = {
			isa = XCConfigurationList;
			buildConfigurations = (
				4156064627FDE9D4CE40C85F /* Debug */,
				D15187A4894FEEAC571AB281 /* Release */,
			);
			defaultConfigurationIsVisible = 0;
			defaultConfigurationName = Debug;
		};
/* End XCConfigurationList section */

/* Begin XCLocalSwiftPackageReference section */
		C01068A66E149FE66CAE5A47 /* XCLocalSwiftPackageReference "Packages/FSRSKit" */ = {
			isa = XCLocalSwiftPackageReference;
			relativePath = Packages/FSRSKit;
		};
/* End XCLocalSwiftPackageReference section */

/* Begin XCSwiftPackageProductDependency section */
		022FB4FF06F68601E4A94F82 /* FSRSKit */ = {
			isa = XCSwiftPackageProductDependency;
			productName = FSRSKit;
		};
/* End XCSwiftPackageProductDependency section */
	};
	rootObject = 0B9BFE453F1F0D19D5440374 /* Project object */;
}
